
Microsoft Visual Studio Solution File, Format Version 12.00
# Visual Studio Version 17
VisualStudioVersion = 17.11.35327.3
MinimumVisualStudioVersion = 10.0.40219.1
Project("{FAE04EC0-301F-11D3-BF4B-00C04F79EFBC}") = "PrimeraParte", "PrimeraParte\PrimeraParte.csproj", "{02D41AEE-9FCF-45DA-8216-2B21E8F16108}"
EndProject
Global
	GlobalSection(SolutionConfigurationPlatforms) = preSolution
		Debug|Any CPU = Debug|Any CPU
		Release|Any CPU = Release|Any CPU
	EndGlobalSection
	GlobalSection(ProjectConfigurationPlatforms) = postSolution
		{02D41AEE-9FCF-45DA-8216-2B21E8F16108}.Debug|Any CPU.ActiveCfg = Debug|Any CPU
		{02D41AEE-9FCF-45DA-8216-2B21E8F16108}.Debug|Any CPU.Build.0 = Debug|Any CPU
		{02D41AEE-9FCF-45DA-8216-2B21E8F16108}.Release|Any CPU.ActiveCfg = Release|Any CPU
		{02D41AEE-9FCF-45DA-8216-2B21E8F16108}.Release|Any CPU.Build.0 = Release|Any CPU
	EndGlobalSection
	GlobalSection(SolutionProperties) = preSolution
		HideSolutionNode = FALSE
	EndGlobalSection
	GlobalSection(ExtensibilityGlobals) = postSolution
		SolutionGuid = {38F1BBA8-2587-4D78-BB34-58934C5C2E4F}
	EndGlobalSection
EndGlobal
